
Microsoft Visual Studio Solution File, Format Version 12.00
# Visual Studio Version 17
VisualStudioVersion = 17.5.002.0
MinimumVisualStudioVersion = 10.0.40219.1
Project("{9A19103F-16F7-4668-BE54-9A1E7A4F7556}") = "vlc_bluray_patcher", "vlc_bluray_patcher.csproj", "{078179DC-2405-4FCF-AA5D-02CBB9906818}"
EndProject
Global
	GlobalSection(SolutionConfigurationPlatforms) = preSolution
		Debug|Any CPU = Debug|Any CPU
		Release|Any CPU = Release|Any CPU
	EndGlobalSection
	GlobalSection(ProjectConfigurationPlatforms) = postSolution
		{078179DC-2405-4FCF-AA5D-02CBB9906818}.Debug|Any CPU.ActiveCfg = Debug|Any CPU
		{078179DC-2405-4FCF-AA5D-02CBB9906818}.Debug|Any CPU.Build.0 = Debug|Any CPU
		{078179DC-2405-4FCF-AA5D-02CBB9906818}.Release|Any CPU.ActiveCfg = Release|Any CPU
		{078179DC-2405-4FCF-AA5D-02CBB9906818}.Release|Any CPU.Build.0 = Release|Any CPU
	EndGlobalSection
	GlobalSection(SolutionProperties) = preSolution
		HideSolutionNode = FALSE
	EndGlobalSection
	GlobalSection(ExtensibilityGlobals) = postSolution
		SolutionGuid = {A8FFAC10-B285-4D75-A681-FF9E4815F29E}
	EndGlobalSection
EndGlobal
